
Microsoft Visual Studio Solution File, Format Version 12.00
# Visual Studio Version 17
VisualStudioVersion = 17.14.36616.10 d17.14
MinimumVisualStudioVersion = 10.0.40219.1
Project("{FAE04EC0-301F-11D3-BF4B-00C04F79EFBC}") = "MainManager", "pilas_y_colas\MainManager.csproj", "{D621D86A-5745-49A6-8680-55AA688B3030}"
EndProject
Project("{FAE04EC0-301F-11D3-BF4B-00C04F79EFBC}") = "Ej01_HistorialVentanasActivas", "Ej01_HistorialVentanasActivas\Ej01_HistorialVentanasActivas.csproj", "{EFABF97D-48C5-426E-B9A1-C78B07ECA2F7}"
EndProject
Project("{FAE04EC0-301F-11D3-BF4B-00C04F79EFBC}") = "Ej02_ControlStatesInaGame", "Ej02_ControlStatesInaGame\Ej02_ControlStatesInaGame.csproj", "{21781333-F3A3-4671-9A60-430AEA301AC7}"
EndProject
Global
	GlobalSection(SolutionConfigurationPlatforms) = preSolution
		Debug|Any CPU = Debug|Any CPU
		Release|Any CPU = Release|Any CPU
	EndGlobalSection
	GlobalSection(ProjectConfigurationPlatforms) = postSolution
		{D621D86A-5745-49A6-8680-55AA688B3030}.Debug|Any CPU.ActiveCfg = Debug|Any CPU
		{D621D86A-5745-49A6-8680-55AA688B3030}.Debug|Any CPU.Build.0 = Debug|Any CPU
		{D621D86A-5745-49A6-8680-55AA688B3030}.Release|Any CPU.ActiveCfg = Release|Any CPU
		{D621D86A-5745-49A6-8680-55AA688B3030}.Release|Any CPU.Build.0 = Release|Any CPU
		{EFABF97D-48C5-426E-B9A1-C78B07ECA2F7}.Debug|Any CPU.ActiveCfg = Debug|Any CPU
		{EFABF97D-48C5-426E-B9A1-C78B07ECA2F7}.Debug|Any CPU.Build.0 = Debug|Any CPU
		{EFABF97D-48C5-426E-B9A1-C78B07ECA2F7}.Release|Any CPU.ActiveCfg = Release|Any CPU
		{EFABF97D-48C5-426E-B9A1-C78B07ECA2F7}.Release|Any CPU.Build.0 = Release|Any CPU
		{21781333-F3A3-4671-9A60-430AEA301AC7}.Debug|Any CPU.ActiveCfg = Debug|Any CPU
		{21781333-F3A3-4671-9A60-430AEA301AC7}.Debug|Any CPU.Build.0 = Debug|Any CPU
		{21781333-F3A3-4671-9A60-430AEA301AC7}.Release|Any CPU.ActiveCfg = Release|Any CPU
		{21781333-F3A3-4671-9A60-430AEA301AC7}.Release|Any CPU.Build.0 = Release|Any CPU
	EndGlobalSection
	GlobalSection(SolutionProperties) = preSolution
		HideSolutionNode = FALSE
	EndGlobalSection
	GlobalSection(ExtensibilityGlobals) = postSolution
		SolutionGuid = {7C171383-E3F5-4B92-9C53-BC3CD5D00F3B}
	EndGlobalSection
EndGlobal
